
Microsoft Visual Studio Solution File, Format Version 12.00
# Visual Studio Version 17
VisualStudioVersion = 17.1.32407.343
MinimumVisualStudioVersion = 10.0.40219.1
Project("{8BC9CEB8-8B4A-11D0-8D11-00A0C91BC942}") = "lab17beloded", "lab17beloded\lab17beloded.vcxproj", "{305F4B6A-3AE3-4A3B-9D50-C018A26285D5}"
EndProject
Project("{8BC9CEB8-8B4A-11D0-8D11-00A0C91BC942}") = "lab17beloded2", "lab17beloded2\lab17beloded2.vcxproj", "{4C2F11A2-7D2E-4F93-BD58-8CC6F426C3B8}"
EndProject
Global
	GlobalSection(SolutionConfigurationPlatforms) = preSolution
		Debug|x64 = Debug|x64
		Debug|x86 = Debug|x86
		Release|x64 = Release|x64
		Release|x86 = Release|x86
	EndGlobalSection
	GlobalSection(ProjectConfigurationPlatforms) = postSolution
		{305F4B6A-3AE3-4A3B-9D50-C018A26285D5}.Debug|x64.ActiveCfg = Debug|x64
		{305F4B6A-3AE3-4A3B-9D50-C018A26285D5}.Debug|x64.Build.0 = Debug|x64
		{305F4B6A-3AE3-4A3B-9D50-C018A26285D5}.Debug|x86.ActiveCfg = Debug|Win32
		{305F4B6A-3AE3-4A3B-9D50-C018A26285D5}.Debug|x86.Build.0 = Debug|Win32
		{305F4B6A-3AE3-4A3B-9D50-C018A26285D5}.Release|x64.ActiveCfg = Release|x64
		{305F4B6A-3AE3-4A3B-9D50-C018A26285D5}.Release|x64.Build.0 = Release|x64
		{305F4B6A-3AE3-4A3B-9D50-C018A26285D5}.Release|x86.ActiveCfg = Release|Win32
		{305F4B6A-3AE3-4A3B-9D50-C018A26285D5}.Release|x86.Build.0 = Release|Win32
		{4C2F11A2-7D2E-4F93-BD58-8CC6F426C3B8}.Debug|x64.ActiveCfg = Debug|x64
		{4C2F11A2-7D2E-4F93-BD58-8CC6F426C3B8}.Debug|x64.Build.0 = Debug|x64
		{4C2F11A2-7D2E-4F93-BD58-8CC6F426C3B8}.Debug|x86.ActiveCfg = Debug|Win32
		{4C2F11A2-7D2E-4F93-BD58-8CC6F426C3B8}.Debug|x86.Build.0 = Debug|Win32
		{4C2F11A2-7D2E-4F93-BD58-8CC6F426C3B8}.Release|x64.ActiveCfg = Release|x64
		{4C2F11A2-7D2E-4F93-BD58-8CC6F426C3B8}.Release|x64.Build.0 = Release|x64
		{4C2F11A2-7D2E-4F93-BD58-8CC6F426C3B8}.Release|x86.ActiveCfg = Release|Win32
		{4C2F11A2-7D2E-4F93-BD58-8CC6F426C3B8}.Release|x86.Build.0 = Release|Win32
	EndGlobalSection
	GlobalSection(SolutionProperties) = preSolution
		HideSolutionNode = FALSE
	EndGlobalSection
	GlobalSection(ExtensibilityGlobals) = postSolution
		SolutionGuid = {8E4E171C-8020-4F3D-8FD1-3F063C0C3751}
	EndGlobalSection
EndGlobal
